
Microsoft Visual Studio Solution File, Format Version 12.00
# Visual Studio Version 16
VisualStudioVersion = 16.0.31205.134
MinimumVisualStudioVersion = 10.0.40219.1
Project("{9A19103F-16F7-4668-BE54-9A1E7A4F7556}") = "Server", "MediaKeySyncServer\Server.csproj", "{E9C7EEB2-3E5D-491D-8A5B-6C51AAEEB987}"
EndProject
Global
	GlobalSection(SolutionConfigurationPlatforms) = preSolution
		Debug|Any CPU = Debug|Any CPU
		Release|Any CPU = Release|Any CPU
	EndGlobalSection
	GlobalSection(ProjectConfigurationPlatforms) = postSolution
		{E9C7EEB2-3E5D-491D-8A5B-6C51AAEEB987}.Debug|Any CPU.ActiveCfg = Debug|Any CPU
		{E9C7EEB2-3E5D-491D-8A5B-6C51AAEEB987}.Debug|Any CPU.Build.0 = Debug|Any CPU
		{E9C7EEB2-3E5D-491D-8A5B-6C51AAEEB987}.Release|Any CPU.ActiveCfg = Release|Any CPU
		{E9C7EEB2-3E5D-491D-8A5B-6C51AAEEB987}.Release|Any CPU.Build.0 = Release|Any CPU
	EndGlobalSection
	GlobalSection(SolutionProperties) = preSolution
		HideSolutionNode = FALSE
	EndGlobalSection
	GlobalSection(ExtensibilityGlobals) = postSolution
		SolutionGuid = {757C1FBF-4D12-40DE-AD02-75ED954026BD}
	EndGlobalSection
EndGlobal
